// !$*UTF8*$!
{
	archiveVersion = 1;
	classes = {
	};
	objectVersion = 56;
	objects = {

/* Begin PBXBuildFile section */
		6D1952A029C3AACA005C599F /* PackagesView.swift in Sources */ = {isa = PBXBuildFile; fileRef = 6D19529F29C3AACA005C599F /* PackagesView.swift */; };
		6D1BA5F229AD590C007DB4E7 /* SignInInteractor.swift in Sources */ = {isa = PBXBuildFile; fileRef = 6D1BA5F129AD590C007DB4E7 /* SignInInteractor.swift */; };
		6D1BA5F429AD5919007DB4E7 /* SignInPresenter.swift in Sources */ = {isa = PBXBuildFile; fileRef = 6D1BA5F329AD5919007DB4E7 /* SignInPresenter.swift */; };
		6D1BA5F629AD5B07007DB4E7 /* SignInView.swift in Sources */ = {isa = PBXBuildFile; fileRef = 6D1BA5F529AD5B07007DB4E7 /* SignInView.swift */; };
		6D1BA5FB29AD5E16007DB4E7 /* UIState.swift in Sources */ = {isa = PBXBuildFile; fileRef = 6D1BA5FA29AD5E16007DB4E7 /* UIState.swift */; };
		6D1BA5FE29AD6D8E007DB4E7 /* InputTextFieldView.swift in Sources */ = {isa = PBXBuildFile; fileRef = 6D1BA5FD29AD6D8E007DB4E7 /* InputTextFieldView.swift */; };
		6D1BA60129AD6F44007DB4E7 /* CustomInputFieldStyle.swift in Sources */ = {isa = PBXBuildFile; fileRef = 6D1BA60029AD6F44007DB4E7 /* CustomInputFieldStyle.swift */; };
		6D1BA60429AD7305007DB4E7 /* LoadingButtonView.swift in Sources */ = {isa = PBXBuildFile; fileRef = 6D1BA60329AD7305007DB4E7 /* LoadingButtonView.swift */; };
		6D2DB71B29D10C00002537C3 /* UserSignIn.swift in Sources */ = {isa = PBXBuildFile; fileRef = 6D2DB71A29D10C00002537C3 /* UserSignIn.swift */; };
		6D2DB71D29D10F95002537C3 /* SignInRequest.swift in Sources */ = {isa = PBXBuildFile; fileRef = 6D2DB71C29D10F95002537C3 /* SignInRequest.swift */; };
		6D649B1429C7DA5500A44F23 /* User.swift in Sources */ = {isa = PBXBuildFile; fileRef = 6D649B1329C7DA5500A44F23 /* User.swift */; };
		6D9076ED29D2702500D23B41 /* MainView.swift in Sources */ = {isa = PBXBuildFile; fileRef = 6D9076EC29D2702500D23B41 /* MainView.swift */; };
		6DAB121B29BAC156005CFAE1 /* SignInViewModel.swift in Sources */ = {isa = PBXBuildFile; fileRef = 6DAB121A29BAC156005CFAE1 /* SignInViewModel.swift */; };
		6DAB121D29BC02E7005CFAE1 /* SignInViewFactory.swift in Sources */ = {isa = PBXBuildFile; fileRef = 6DAB121C29BC02E7005CFAE1 /* SignInViewFactory.swift */; };
		6DAB122229BCCC1F005CFAE1 /* RestQuery.swift in Sources */ = {isa = PBXBuildFile; fileRef = 6DAB122129BCCC1F005CFAE1 /* RestQuery.swift */; };
		6DAB122529BCCC73005CFAE1 /* HTTPMethod.swift in Sources */ = {isa = PBXBuildFile; fileRef = 6DAB122429BCCC73005CFAE1 /* HTTPMethod.swift */; };
		6DAB122829BCCDAA005CFAE1 /* URL+Extension.swift in Sources */ = {isa = PBXBuildFile; fileRef = 6DAB122729BCCDAA005CFAE1 /* URL+Extension.swift */; };
		6DAB122A29BCD070005CFAE1 /* URLRequest+Extensions.swift in Sources */ = {isa = PBXBuildFile; fileRef = 6DAB122929BCD070005CFAE1 /* URLRequest+Extensions.swift */; };
		6DAB122C29BCD268005CFAE1 /* Network.swift in Sources */ = {isa = PBXBuildFile; fileRef = 6DAB122B29BCD268005CFAE1 /* Network.swift */; };
		6DAB122E29BCD68D005CFAE1 /* NetworkError.swift in Sources */ = {isa = PBXBuildFile; fileRef = 6DAB122D29BCD68D005CFAE1 /* NetworkError.swift */; };
		6DAB123229BD03F8005CFAE1 /* SignUpView.swift in Sources */ = {isa = PBXBuildFile; fileRef = 6DAB123129BD03F8005CFAE1 /* SignUpView.swift */; };
		6DAB123429BD0413005CFAE1 /* SignUpViewFactory.swift in Sources */ = {isa = PBXBuildFile; fileRef = 6DAB123329BD0413005CFAE1 /* SignUpViewFactory.swift */; };
		6DAB123629BD0423005CFAE1 /* SignUpPresenter.swift in Sources */ = {isa = PBXBuildFile; fileRef = 6DAB123529BD0423005CFAE1 /* SignUpPresenter.swift */; };
		6DAB123829BD0451005CFAE1 /* SignUpInteractor.swift in Sources */ = {isa = PBXBuildFile; fileRef = 6DAB123729BD0451005CFAE1 /* SignUpInteractor.swift */; };
		6DAB123B29BD04EC005CFAE1 /* SignUpViewModel.swift in Sources */ = {isa = PBXBuildFile; fileRef = 6DAB123A29BD04EC005CFAE1 /* SignUpViewModel.swift */; };
		6DAF92CB29BE17B200C13ECC /* SignUpRequest.swift in Sources */ = {isa = PBXBuildFile; fileRef = 6DAF92CA29BE17B200C13ECC /* SignUpRequest.swift */; };
		6DAF92CE29BE18BC00C13ECC /* UserWorker.swift in Sources */ = {isa = PBXBuildFile; fileRef = 6DAF92CD29BE18BC00C13ECC /* UserWorker.swift */; };
		6DAF92D029BE1B0700C13ECC /* UserQuery.swift in Sources */ = {isa = PBXBuildFile; fileRef = 6DAF92CF29BE1B0700C13ECC /* UserQuery.swift */; };
		6DAF92D529BE1F7C00C13ECC /* AppProperty.swift in Sources */ = {isa = PBXBuildFile; fileRef = 6DAF92D429BE1F7C00C13ECC /* AppProperty.swift */; };
		6DC7D42729D38DC300EC4E45 /* MainViewFactory.swift in Sources */ = {isa = PBXBuildFile; fileRef = 6DC7D42629D38DC300EC4E45 /* MainViewFactory.swift */; };
		6DC7D42929D38EAD00EC4E45 /* PackagesViewFactory.swift in Sources */ = {isa = PBXBuildFile; fileRef = 6DC7D42829D38EAD00EC4E45 /* PackagesViewFactory.swift */; };
		6DC7D42C29D39BE500EC4E45 /* PackCardView.swift in Sources */ = {isa = PBXBuildFile; fileRef = 6DC7D42B29D39BE500EC4E45 /* PackCardView.swift */; };
		6DE096CD29AAE74600497874 /* GoPackApp.swift in Sources */ = {isa = PBXBuildFile; fileRef = 6DE096CC29AAE74600497874 /* GoPackApp.swift */; };
		6DE096D129AAE74900497874 /* Assets.xcassets in Resources */ = {isa = PBXBuildFile; fileRef = 6DE096D029AAE74900497874 /* Assets.xcassets */; };
		6DE096D429AAE74900497874 /* Preview Assets.xcassets in Resources */ = {isa = PBXBuildFile; fileRef = 6DE096D329AAE74900497874 /* Preview Assets.xcassets */; };
/* End PBXBuildFile section */

/* Begin PBXFileReference section */
		6D19529F29C3AACA005C599F /* PackagesView.swift */ = {isa = PBXFileReference; lastKnownFileType = sourcecode.swift; path = PackagesView.swift; sourceTree = "<group>"; };
		6D1BA5F129AD590C007DB4E7 /* SignInInteractor.swift */ = {isa = PBXFileReference; lastKnownFileType = sourcecode.swift; path = SignInInteractor.swift; sourceTree = "<group>"; };
		6D1BA5F329AD5919007DB4E7 /* SignInPresenter.swift */ = {isa = PBXFileReference; lastKnownFileType = sourcecode.swift; path = SignInPresenter.swift; sourceTree = "<group>"; };
		6D1BA5F529AD5B07007DB4E7 /* SignInView.swift */ = {isa = PBXFileReference; lastKnownFileType = sourcecode.swift; path = SignInView.swift; sourceTree = "<group>"; };
		6D1BA5FA29AD5E16007DB4E7 /* UIState.swift */ = {isa = PBXFileReference; lastKnownFileType = sourcecode.swift; path = UIState.swift; sourceTree = "<group>"; };
		6D1BA5FD29AD6D8E007DB4E7 /* InputTextFieldView.swift */ = {isa = PBXFileReference; lastKnownFileType = sourcecode.swift; path = InputTextFieldView.swift; sourceTree = "<group>"; };
		6D1BA60029AD6F44007DB4E7 /* CustomInputFieldStyle.swift */ = {isa = PBXFileReference; lastKnownFileType = sourcecode.swift; path = CustomInputFieldStyle.swift; sourceTree = "<group>"; };
		6D1BA60329AD7305007DB4E7 /* LoadingButtonView.swift */ = {isa = PBXFileReference; lastKnownFileType = sourcecode.swift; path = LoadingButtonView.swift; sourceTree = "<group>"; };
		6D2DB71A29D10C00002537C3 /* UserSignIn.swift */ = {isa = PBXFileReference; lastKnownFileType = sourcecode.swift; path = UserSignIn.swift; sourceTree = "<group>"; };
		6D2DB71C29D10F95002537C3 /* SignInRequest.swift */ = {isa = PBXFileReference; lastKnownFileType = sourcecode.swift; path = SignInRequest.swift; sourceTree = "<group>"; };
		6D649B1329C7DA5500A44F23 /* User.swift */ = {isa = PBXFileReference; lastKnownFileType = sourcecode.swift; path = User.swift; sourceTree = "<group>"; };
		6D9076EC29D2702500D23B41 /* MainView.swift */ = {isa = PBXFileReference; lastKnownFileType = sourcecode.swift; path = MainView.swift; sourceTree = "<group>"; };
		6DAB121A29BAC156005CFAE1 /* SignInViewModel.swift */ = {isa = PBXFileReference; lastKnownFileType = sourcecode.swift; path = SignInViewModel.swift; sourceTree = "<group>"; };
		6DAB121C29BC02E7005CFAE1 /* SignInViewFactory.swift */ = {isa = PBXFileReference; lastKnownFileType = sourcecode.swift; path = SignInViewFactory.swift; sourceTree = "<group>"; };
		6DAB122129BCCC1F005CFAE1 /* RestQuery.swift */ = {isa = PBXFileReference; lastKnownFileType = sourcecode.swift; path = RestQuery.swift; sourceTree = "<group>"; };
		6DAB122429BCCC73005CFAE1 /* HTTPMethod.swift */ = {isa = PBXFileReference; lastKnownFileType = sourcecode.swift; path = HTTPMethod.swift; sourceTree = "<group>"; };
		6DAB122729BCCDAA005CFAE1 /* URL+Extension.swift */ = {isa = PBXFileReference; lastKnownFileType = sourcecode.swift; path = "URL+Extension.swift"; sourceTree = "<group>"; };
		6DAB122929BCD070005CFAE1 /* URLRequest+Extensions.swift */ = {isa = PBXFileReference; lastKnownFileType = sourcecode.swift; path = "URLRequest+Extensions.swift"; sourceTree = "<group>"; };
		6DAB122B29BCD268005CFAE1 /* Network.swift */ = {isa = PBXFileReference; lastKnownFileType = sourcecode.swift; path = Network.swift; sourceTree = "<group>"; };
		6DAB122D29BCD68D005CFAE1 /* NetworkError.swift */ = {isa = PBXFileReference; lastKnownFileType = sourcecode.swift; path = NetworkError.swift; sourceTree = "<group>"; };
		6DAB123129BD03F8005CFAE1 /* SignUpView.swift */ = {isa = PBXFileReference; lastKnownFileType = sourcecode.swift; path = SignUpView.swift; sourceTree = "<group>"; };
		6DAB123329BD0413005CFAE1 /* SignUpViewFactory.swift */ = {isa = PBXFileReference; lastKnownFileType = sourcecode.swift; path = SignUpViewFactory.swift; sourceTree = "<group>"; };
		6DAB123529BD0423005CFAE1 /* SignUpPresenter.swift */ = {isa = PBXFileReference; lastKnownFileType = sourcecode.swift; path = SignUpPresenter.swift; sourceTree = "<group>"; };
		6DAB123729BD0451005CFAE1 /* SignUpInteractor.swift */ = {isa = PBXFileReference; lastKnownFileType = sourcecode.swift; path = SignUpInteractor.swift; sourceTree = "<group>"; };
		6DAB123A29BD04EC005CFAE1 /* SignUpViewModel.swift */ = {isa = PBXFileReference; lastKnownFileType = sourcecode.swift; path = SignUpViewModel.swift; sourceTree = "<group>"; };
		6DAF92CA29BE17B200C13ECC /* SignUpRequest.swift */ = {isa = PBXFileReference; lastKnownFileType = sourcecode.swift; path = SignUpRequest.swift; sourceTree = "<group>"; };
		6DAF92CD29BE18BC00C13ECC /* UserWorker.swift */ = {isa = PBXFileReference; lastKnownFileType = sourcecode.swift; path = UserWorker.swift; sourceTree = "<group>"; };
		6DAF92CF29BE1B0700C13ECC /* UserQuery.swift */ = {isa = PBXFileReference; lastKnownFileType = sourcecode.swift; path = UserQuery.swift; sourceTree = "<group>"; };
		6DAF92D229BE1BB900C13ECC /* ConfigPROD.xcconfig */ = {isa = PBXFileReference; lastKnownFileType = text.xcconfig; path = ConfigPROD.xcconfig; sourceTree = "<group>"; };
		6DAF92D429BE1F7C00C13ECC /* AppProperty.swift */ = {isa = PBXFileReference; lastKnownFileType = sourcecode.swift; path = AppProperty.swift; sourceTree = "<group>"; };
		6DC7D42629D38DC300EC4E45 /* MainViewFactory.swift */ = {isa = PBXFileReference; lastKnownFileType = sourcecode.swift; path = MainViewFactory.swift; sourceTree = "<group>"; };
		6DC7D42829D38EAD00EC4E45 /* PackagesViewFactory.swift */ = {isa = PBXFileReference; lastKnownFileType = sourcecode.swift; path = PackagesViewFactory.swift; sourceTree = "<group>"; };
		6DC7D42B29D39BE500EC4E45 /* PackCardView.swift */ = {isa = PBXFileReference; lastKnownFileType = sourcecode.swift; path = PackCardView.swift; sourceTree = "<group>"; };
		6DE096C929AAE74600497874 /* GoPack.app */ = {isa = PBXFileReference; explicitFileType = wrapper.application; includeInIndex = 0; path = GoPack.app; sourceTree = BUILT_PRODUCTS_DIR; };
		6DE096CC29AAE74600497874 /* GoPackApp.swift */ = {isa = PBXFileReference; lastKnownFileType = sourcecode.swift; path = GoPackApp.swift; sourceTree = "<group>"; };
		6DE096D029AAE74900497874 /* Assets.xcassets */ = {isa = PBXFileReference; lastKnownFileType = folder.assetcatalog; path = Assets.xcassets; sourceTree = "<group>"; };
		6DE096D329AAE74900497874 /* Preview Assets.xcassets */ = {isa = PBXFileReference; lastKnownFileType = folder.assetcatalog; path = "Preview Assets.xcassets"; sourceTree = "<group>"; };
/* End PBXFileReference section */

/* Begin PBXFrameworksBuildPhase section */
		6DE096C629AAE74600497874 /* Frameworks */ = {
			isa = PBXFrameworksBuildPhase;
			buildActionMask = 2147483647;
			files = (
			);
			runOnlyForDeploymentPostprocessing = 0;
		};
/* End PBXFrameworksBuildPhase section */

/* Begin PBXGroup section */
		6D19529E29C3AA66005C599F /* Packages */ = {
			isa = PBXGroup;
			children = (
				6DC7D42A29D39BC800EC4E45 /* UI Component */,
				6D19529F29C3AACA005C599F /* PackagesView.swift */,
				6DC7D42829D38EAD00EC4E45 /* PackagesViewFactory.swift */,
			);
			path = Packages;
			sourceTree = "<group>";
		};
		6D1BA5EE29AD582A007DB4E7 /* SignIn */ = {
			isa = PBXGroup;
			children = (
				6D1BA5F129AD590C007DB4E7 /* SignInInteractor.swift */,
				6D1BA5F329AD5919007DB4E7 /* SignInPresenter.swift */,
				6D1BA5F529AD5B07007DB4E7 /* SignInView.swift */,
				6DAB121C29BC02E7005CFAE1 /* SignInViewFactory.swift */,
				6DAB121829BAC131005CFAE1 /* Model */,
			);
			path = SignIn;
			sourceTree = "<group>";
		};
		6D1BA5F729AD5DA4007DB4E7 /* Modules */ = {
			isa = PBXGroup;
			children = (
				6D9076EB29D26FBF00D23B41 /* Main */,
				6D19529E29C3AA66005C599F /* Packages */,
				6D1BA5EE29AD582A007DB4E7 /* SignIn */,
				6DAB122F29BD03CA005CFAE1 /* SignUp */,
			);
			path = Modules;
			sourceTree = "<group>";
		};
		6D1BA5F829AD5DD4007DB4E7 /* Shared */ = {
			isa = PBXGroup;
			children = (
				6DAF92CC29BE189500C13ECC /* Worker */,
				6D1BA5FC29AD6D65007DB4E7 /* UI Component */,
				6D1BA5F929AD5E04007DB4E7 /* Enum */,
			);
			path = Shared;
			sourceTree = "<group>";
		};
		6D1BA5F929AD5E04007DB4E7 /* Enum */ = {
			isa = PBXGroup;
			children = (
				6D1BA5FA29AD5E16007DB4E7 /* UIState.swift */,
				6DAF92D429BE1F7C00C13ECC /* AppProperty.swift */,
			);
			path = Enum;
			sourceTree = "<group>";
		};
		6D1BA5FC29AD6D65007DB4E7 /* UI Component */ = {
			isa = PBXGroup;
			children = (
				6D1BA60229AD72C4007DB4E7 /* LoadingButton */,
				6D1BA5FF29AD6F21007DB4E7 /* InputField */,
			);
			path = "UI Component";
			sourceTree = "<group>";
		};
		6D1BA5FF29AD6F21007DB4E7 /* InputField */ = {
			isa = PBXGroup;
			children = (
				6D1BA5FD29AD6D8E007DB4E7 /* InputTextFieldView.swift */,
				6D1BA60029AD6F44007DB4E7 /* CustomInputFieldStyle.swift */,
			);
			path = InputField;
			sourceTree = "<group>";
		};
		6D1BA60229AD72C4007DB4E7 /* LoadingButton */ = {
			isa = PBXGroup;
			children = (
				6D1BA60329AD7305007DB4E7 /* LoadingButtonView.swift */,
			);
			path = LoadingButton;
			sourceTree = "<group>";
		};
		6D2DB71929D10B9A002537C3 /* Encodable */ = {
			isa = PBXGroup;
			children = (
				6D2DB71A29D10C00002537C3 /* UserSignIn.swift */,
			);
			path = Encodable;
			sourceTree = "<group>";
		};
		6D649B1229C7DA3B00A44F23 /* Codable */ = {
			isa = PBXGroup;
			children = (
				6D649B1329C7DA5500A44F23 /* User.swift */,
			);
			path = Codable;
			sourceTree = "<group>";
		};
		6D9076EB29D26FBF00D23B41 /* Main */ = {
			isa = PBXGroup;
			children = (
				6DC7D42629D38DC300EC4E45 /* MainViewFactory.swift */,
				6D9076EC29D2702500D23B41 /* MainView.swift */,
			);
			path = Main;
			sourceTree = "<group>";
		};
		6DAB121829BAC131005CFAE1 /* Model */ = {
			isa = PBXGroup;
			children = (
				6DAB121A29BAC156005CFAE1 /* SignInViewModel.swift */,
				6D2DB71C29D10F95002537C3 /* SignInRequest.swift */,
			);
			path = Model;
			sourceTree = "<group>";
		};
		6DAB121E29BCCAE3005CFAE1 /* Network */ = {
			isa = PBXGroup;
			children = (
				6DAB122B29BCD268005CFAE1 /* Network.swift */,
				6D649B1229C7DA3B00A44F23 /* Codable */,
				6D2DB71929D10B9A002537C3 /* Encodable */,
				6DAB121F29BCCC06005CFAE1 /* Shared */,
			);
			path = Network;
			sourceTree = "<group>";
		};
		6DAB121F29BCCC06005CFAE1 /* Shared */ = {
			isa = PBXGroup;
			children = (
				6DAB122629BCCD8A005CFAE1 /* Extension */,
				6DAB122329BCCC64005CFAE1 /* Enum */,
				6DAB122029BCCC10005CFAE1 /* Protocol */,
			);
			path = Shared;
			sourceTree = "<group>";
		};
		6DAB122029BCCC10005CFAE1 /* Protocol */ = {
			isa = PBXGroup;
			children = (
				6DAB122129BCCC1F005CFAE1 /* RestQuery.swift */,
			);
			path = Protocol;
			sourceTree = "<group>";
		};
		6DAB122329BCCC64005CFAE1 /* Enum */ = {
			isa = PBXGroup;
			children = (
				6DAB122429BCCC73005CFAE1 /* HTTPMethod.swift */,
				6DAB122D29BCD68D005CFAE1 /* NetworkError.swift */,
			);
			path = Enum;
			sourceTree = "<group>";
		};
		6DAB122629BCCD8A005CFAE1 /* Extension */ = {
			isa = PBXGroup;
			children = (
				6DAB122729BCCDAA005CFAE1 /* URL+Extension.swift */,
				6DAB122929BCD070005CFAE1 /* URLRequest+Extensions.swift */,
			);
			path = Extension;
			sourceTree = "<group>";
		};
		6DAB122F29BD03CA005CFAE1 /* SignUp */ = {
			isa = PBXGroup;
			children = (
				6DAB123729BD0451005CFAE1 /* SignUpInteractor.swift */,
				6DAB123529BD0423005CFAE1 /* SignUpPresenter.swift */,
				6DAB123129BD03F8005CFAE1 /* SignUpView.swift */,
				6DAB123329BD0413005CFAE1 /* SignUpViewFactory.swift */,
				6DAB123929BD04BF005CFAE1 /* Model */,
			);
			path = SignUp;
			sourceTree = "<group>";
		};
		6DAB123929BD04BF005CFAE1 /* Model */ = {
			isa = PBXGroup;
			children = (
				6DAB123A29BD04EC005CFAE1 /* SignUpViewModel.swift */,
				6DAF92CA29BE17B200C13ECC /* SignUpRequest.swift */,
			);
			path = Model;
			sourceTree = "<group>";
		};
		6DAF92CC29BE189500C13ECC /* Worker */ = {
			isa = PBXGroup;
			children = (
				6DAF92CD29BE18BC00C13ECC /* UserWorker.swift */,
				6DAF92CF29BE1B0700C13ECC /* UserQuery.swift */,
			);
			path = Worker;
			sourceTree = "<group>";
		};
		6DAF92D129BE1B7100C13ECC /* Configurations */ = {
			isa = PBXGroup;
			children = (
				6DAF92D229BE1BB900C13ECC /* ConfigPROD.xcconfig */,
			);
			path = Configurations;
			sourceTree = "<group>";
		};
		6DC7D42A29D39BC800EC4E45 /* UI Component */ = {
			isa = PBXGroup;
			children = (
				6DC7D42B29D39BE500EC4E45 /* PackCardView.swift */,
			);
			path = "UI Component";
			sourceTree = "<group>";
		};
		6DE096C029AAE74600497874 = {
			isa = PBXGroup;
			children = (
				6DE096CB29AAE74600497874 /* GoPack */,
				6DE096CA29AAE74600497874 /* Products */,
			);
			sourceTree = "<group>";
		};
		6DE096CA29AAE74600497874 /* Products */ = {
			isa = PBXGroup;
			children = (
				6DE096C929AAE74600497874 /* GoPack.app */,
			);
			name = Products;
			sourceTree = "<group>";
		};
		6DE096CB29AAE74600497874 /* GoPack */ = {
			isa = PBXGroup;
			children = (
				6DE096D229AAE74900497874 /* Preview Content */,
				6DE096DA29AAEC7D00497874 /* Resource */,
				6DE096DB29AAECC400497874 /* Source */,
			);
			path = GoPack;
			sourceTree = "<group>";
		};
		6DE096D229AAE74900497874 /* Preview Content */ = {
			isa = PBXGroup;
			children = (
				6DE096D329AAE74900497874 /* Preview Assets.xcassets */,
			);
			path = "Preview Content";
			sourceTree = "<group>";
		};
		6DE096DA29AAEC7D00497874 /* Resource */ = {
			isa = PBXGroup;
			children = (
				6DAF92D129BE1B7100C13ECC /* Configurations */,
				6DE096DD29AAED3300497874 /* Assets */,
			);
			path = Resource;
			sourceTree = "<group>";
		};
		6DE096DB29AAECC400497874 /* Source */ = {
			isa = PBXGroup;
			children = (
				6DE096DC29AAED0A00497874 /* App */,
				6D1BA5F729AD5DA4007DB4E7 /* Modules */,
				6D1BA5F829AD5DD4007DB4E7 /* Shared */,
				6DAB121E29BCCAE3005CFAE1 /* Network */,
			);
			path = Source;
			sourceTree = "<group>";
		};
		6DE096DC29AAED0A00497874 /* App */ = {
			isa = PBXGroup;
			children = (
				6DE096CC29AAE74600497874 /* GoPackApp.swift */,
			);
			path = App;
			sourceTree = "<group>";
		};
		6DE096DD29AAED3300497874 /* Assets */ = {
			isa = PBXGroup;
			children = (
				6DE096D029AAE74900497874 /* Assets.xcassets */,
			);
			path = Assets;
			sourceTree = "<group>";
		};
/* End PBXGroup section */

/* Begin PBXNativeTarget section */
		6DE096C829AAE74600497874 /* GoPack */ = {
			isa = PBXNativeTarget;
			buildConfigurationList = 6DE096D729AAE74900497874 /* Build configuration list for PBXNativeTarget "GoPack" */;
			buildPhases = (
				6DE096C529AAE74600497874 /* Sources */,
				6DE096C629AAE74600497874 /* Frameworks */,
				6DE096C729AAE74600497874 /* Resources */,
			);
			buildRules = (
			);
			dependencies = (
			);
			name = GoPack;
			productName = GoPack;
			productReference = 6DE096C929AAE74600497874 /* GoPack.app */;
			productType = "com.apple.product-type.application";
		};
/* End PBXNativeTarget section */

/* Begin PBXProject section */
		6DE096C129AAE74600497874 /* Project object */ = {
			isa = PBXProject;
			attributes = {
				BuildIndependentTargetsInParallel = 1;
				LastSwiftUpdateCheck = 1420;
				LastUpgradeCheck = 1420;
				TargetAttributes = {
					6DE096C829AAE74600497874 = {
						CreatedOnToolsVersion = 14.2;
					};
				};
			};
			buildConfigurationList = 6DE096C429AAE74600497874 /* Build configuration list for PBXProject "GoPack" */;
			compatibilityVersion = "Xcode 14.0";
			developmentRegion = en;
			hasScannedForEncodings = 0;
			knownRegions = (
				en,
				Base,
			);
			mainGroup = 6DE096C029AAE74600497874;
			productRefGroup = 6DE096CA29AAE74600497874 /* Products */;
			projectDirPath = "";
			projectRoot = "";
			targets = (
				6DE096C829AAE74600497874 /* GoPack */,
			);
		};
/* End PBXProject section */

/* Begin PBXResourcesBuildPhase section */
		6DE096C729AAE74600497874 /* Resources */ = {
			isa = PBXResourcesBuildPhase;
			buildActionMask = 2147483647;
			files = (
				6DE096D429AAE74900497874 /* Preview Assets.xcassets in Resources */,
				6DE096D129AAE74900497874 /* Assets.xcassets in Resources */,
			);
			runOnlyForDeploymentPostprocessing = 0;
		};
/* End PBXResourcesBuildPhase section */

/* Begin PBXSourcesBuildPhase section */
		6DE096C529AAE74600497874 /* Sources */ = {
			isa = PBXSourcesBuildPhase;
			buildActionMask = 2147483647;
			files = (
				6DAB123629BD0423005CFAE1 /* SignUpPresenter.swift in Sources */,
				6D1BA5F229AD590C007DB4E7 /* SignInInteractor.swift in Sources */,
				6DAB122E29BCD68D005CFAE1 /* NetworkError.swift in Sources */,
				6DAB122529BCCC73005CFAE1 /* HTTPMethod.swift in Sources */,
				6DAF92D529BE1F7C00C13ECC /* AppProperty.swift in Sources */,
				6D649B1429C7DA5500A44F23 /* User.swift in Sources */,
				6DC7D42929D38EAD00EC4E45 /* PackagesViewFactory.swift in Sources */,
				6DE096CD29AAE74600497874 /* GoPackApp.swift in Sources */,
				6D1BA5F429AD5919007DB4E7 /* SignInPresenter.swift in Sources */,
				6DAB121D29BC02E7005CFAE1 /* SignInViewFactory.swift in Sources */,
				6DAB122C29BCD268005CFAE1 /* Network.swift in Sources */,
				6DAB123429BD0413005CFAE1 /* SignUpViewFactory.swift in Sources */,
				6DC7D42729D38DC300EC4E45 /* MainViewFactory.swift in Sources */,
				6DAF92CE29BE18BC00C13ECC /* UserWorker.swift in Sources */,
				6DAB122229BCCC1F005CFAE1 /* RestQuery.swift in Sources */,
				6D9076ED29D2702500D23B41 /* MainView.swift in Sources */,
				6D1BA5F629AD5B07007DB4E7 /* SignInView.swift in Sources */,
				6D2DB71B29D10C00002537C3 /* UserSignIn.swift in Sources */,
				6D1952A029C3AACA005C599F /* PackagesView.swift in Sources */,
				6DAB121B29BAC156005CFAE1 /* SignInViewModel.swift in Sources */,
				6DAB122829BCCDAA005CFAE1 /* URL+Extension.swift in Sources */,
				6DAB123B29BD04EC005CFAE1 /* SignUpViewModel.swift in Sources */,
				6D1BA60429AD7305007DB4E7 /* LoadingButtonView.swift in Sources */,
				6DAB123229BD03F8005CFAE1 /* SignUpView.swift in Sources */,
				6D1BA5FB29AD5E16007DB4E7 /* UIState.swift in Sources */,
				6DAB122A29BCD070005CFAE1 /* URLRequest+Extensions.swift in Sources */,
				6D1BA60129AD6F44007DB4E7 /* CustomInputFieldStyle.swift in Sources */,
				6DAF92CB29BE17B200C13ECC /* SignUpRequest.swift in Sources */,
				6DAB123829BD0451005CFAE1 /* SignUpInteractor.swift in Sources */,
				6DC7D42C29D39BE500EC4E45 /* PackCardView.swift in Sources */,
				6D2DB71D29D10F95002537C3 /* SignInRequest.swift in Sources */,
				6D1BA5FE29AD6D8E007DB4E7 /* InputTextFieldView.swift in Sources */,
				6DAF92D029BE1B0700C13ECC /* UserQuery.swift in Sources */,
			);
			runOnlyForDeploymentPostprocessing = 0;
		};
/* End PBXSourcesBuildPhase section */

/* Begin XCBuildConfiguration section */
		6DE096D529AAE74900497874 /* Debug */ = {
			isa = XCBuildConfiguration;
			baseConfigurationReference = 6DAF92D229BE1BB900C13ECC /* ConfigPROD.xcconfig */;
			buildSettings = {
				ALWAYS_SEARCH_USER_PATHS = NO;
				CLANG_ANALYZER_NONNULL = YES;
				CLANG_ANALYZER_NUMBER_OBJECT_CONVERSION = YES_AGGRESSIVE;
				CLANG_CXX_LANGUAGE_STANDARD = "gnu++20";
				CLANG_ENABLE_MODULES = YES;
				CLANG_ENABLE_OBJC_ARC = YES;
				CLANG_ENABLE_OBJC_WEAK = YES;
				CLANG_WARN_BLOCK_CAPTURE_AUTORELEASING = YES;
				CLANG_WARN_BOOL_CONVERSION = YES;
				CLANG_WARN_COMMA = YES;
				CLANG_WARN_CONSTANT_CONVERSION = YES;
				CLANG_WARN_DEPRECATED_OBJC_IMPLEMENTATIONS = YES;
				CLANG_WARN_DIRECT_OBJC_ISA_USAGE = YES_ERROR;
				CLANG_WARN_DOCUMENTATION_COMMENTS = YES;
				CLANG_WARN_EMPTY_BODY = YES;
				CLANG_WARN_ENUM_CONVERSION = YES;
				CLANG_WARN_INFINITE_RECURSION = YES;
				CLANG_WARN_INT_CONVERSION = YES;
				CLANG_WARN_NON_LITERAL_NULL_CONVERSION = YES;
				CLANG_WARN_OBJC_IMPLICIT_RETAIN_SELF = YES;
				CLANG_WARN_OBJC_LITERAL_CONVERSION = YES;
				CLANG_WARN_OBJC_ROOT_CLASS = YES_ERROR;
				CLANG_WARN_QUOTED_INCLUDE_IN_FRAMEWORK_HEADER = YES;
				CLANG_WARN_RANGE_LOOP_ANALYSIS = YES;
				CLANG_WARN_STRICT_PROTOTYPES = YES;
				CLANG_WARN_SUSPICIOUS_MOVE = YES;
				CLANG_WARN_UNGUARDED_AVAILABILITY = YES_AGGRESSIVE;
				CLANG_WARN_UNREACHABLE_CODE = YES;
				CLANG_WARN__DUPLICATE_METHOD_MATCH = YES;
				COPY_PHASE_STRIP = NO;
				DEBUG_INFORMATION_FORMAT = dwarf;
				ENABLE_STRICT_OBJC_MSGSEND = YES;
				ENABLE_TESTABILITY = YES;
				GCC_C_LANGUAGE_STANDARD = gnu11;
				GCC_DYNAMIC_NO_PIC = NO;
				GCC_NO_COMMON_BLOCKS = YES;
				GCC_OPTIMIZATION_LEVEL = 0;
				GCC_PREPROCESSOR_DEFINITIONS = (
					"DEBUG=1",
					"$(inherited)",
				);
				GCC_WARN_64_TO_32_BIT_CONVERSION = YES;
				GCC_WARN_ABOUT_RETURN_TYPE = YES_ERROR;
				GCC_WARN_UNDECLARED_SELECTOR = YES;
				GCC_WARN_UNINITIALIZED_AUTOS = YES_AGGRESSIVE;
				GCC_WARN_UNUSED_FUNCTION = YES;
				GCC_WARN_UNUSED_VARIABLE = YES;
				IPHONEOS_DEPLOYMENT_TARGET = 16.2;
				MTL_ENABLE_DEBUG_INFO = INCLUDE_SOURCE;
				MTL_FAST_MATH = YES;
				ONLY_ACTIVE_ARCH = YES;
				SDKROOT = iphoneos;
				SWIFT_ACTIVE_COMPILATION_CONDITIONS = DEBUG;
				SWIFT_OPTIMIZATION_LEVEL = "-Onone";
			};
			name = Debug;
		};
		6DE096D629AAE74900497874 /* Release */ = {
			isa = XCBuildConfiguration;
			baseConfigurationReference = 6DAF92D229BE1BB900C13ECC /* ConfigPROD.xcconfig */;
			buildSettings = {
				ALWAYS_SEARCH_USER_PATHS = NO;
				CLANG_ANALYZER_NONNULL = YES;
				CLANG_ANALYZER_NUMBER_OBJECT_CONVERSION = YES_AGGRESSIVE;
				CLANG_CXX_LANGUAGE_STANDARD = "gnu++20";
				CLANG_ENABLE_MODULES = YES;
				CLANG_ENABLE_OBJC_ARC = YES;
				CLANG_ENABLE_OBJC_WEAK = YES;
				CLANG_WARN_BLOCK_CAPTURE_AUTORELEASING = YES;
				CLANG_WARN_BOOL_CONVERSION = YES;
				CLANG_WARN_COMMA = YES;
				CLANG_WARN_CONSTANT_CONVERSION = YES;
				CLANG_WARN_DEPRECATED_OBJC_IMPLEMENTATIONS = YES;
				CLANG_WARN_DIRECT_OBJC_ISA_USAGE = YES_ERROR;
				CLANG_WARN_DOCUMENTATION_COMMENTS = YES;
				CLANG_WARN_EMPTY_BODY = YES;
				CLANG_WARN_ENUM_CONVERSION = YES;
				CLANG_WARN_INFINITE_RECURSION = YES;
				CLANG_WARN_INT_CONVERSION = YES;
				CLANG_WARN_NON_LITERAL_NULL_CONVERSION = YES;
				CLANG_WARN_OBJC_IMPLICIT_RETAIN_SELF = YES;
				CLANG_WARN_OBJC_LITERAL_CONVERSION = YES;
				CLANG_WARN_OBJC_ROOT_CLASS = YES_ERROR;
				CLANG_WARN_QUOTED_INCLUDE_IN_FRAMEWORK_HEADER = YES;
				CLANG_WARN_RANGE_LOOP_ANALYSIS = YES;
				CLANG_WARN_STRICT_PROTOTYPES = YES;
				CLANG_WARN_SUSPICIOUS_MOVE = YES;
				CLANG_WARN_UNGUARDED_AVAILABILITY = YES_AGGRESSIVE;
				CLANG_WARN_UNREACHABLE_CODE = YES;
				CLANG_WARN__DUPLICATE_METHOD_MATCH = YES;
				COPY_PHASE_STRIP = NO;
				DEBUG_INFORMATION_FORMAT = "dwarf-with-dsym";
				ENABLE_NS_ASSERTIONS = NO;
				ENABLE_STRICT_OBJC_MSGSEND = YES;
				GCC_C_LANGUAGE_STANDARD = gnu11;
				GCC_NO_COMMON_BLOCKS = YES;
				GCC_WARN_64_TO_32_BIT_CONVERSION = YES;
				GCC_WARN_ABOUT_RETURN_TYPE = YES_ERROR;
				GCC_WARN_UNDECLARED_SELECTOR = YES;
				GCC_WARN_UNINITIALIZED_AUTOS = YES_AGGRESSIVE;
				GCC_WARN_UNUSED_FUNCTION = YES;
				GCC_WARN_UNUSED_VARIABLE = YES;
				IPHONEOS_DEPLOYMENT_TARGET = 16.2;
				MTL_ENABLE_DEBUG_INFO = NO;
				MTL_FAST_MATH = YES;
				SDKROOT = iphoneos;
				SWIFT_COMPILATION_MODE = wholemodule;
				SWIFT_OPTIMIZATION_LEVEL = "-O";
				VALIDATE_PRODUCT = YES;
			};
			name = Release;
		};
		6DE096D829AAE74900497874 /* Debug */ = {
			isa = XCBuildConfiguration;
			buildSettings = {
				ASSETCATALOG_COMPILER_APPICON_NAME = AppIcon;
				ASSETCATALOG_COMPILER_GLOBAL_ACCENT_COLOR_NAME = AccentColor;
				CODE_SIGN_STYLE = Automatic;
				CURRENT_PROJECT_VERSION = 1;
				DEVELOPMENT_ASSET_PATHS = "\"GoPack/Preview Content\"";
				DEVELOPMENT_TEAM = 5VN324YR98;
				ENABLE_PREVIEWS = YES;
				GENERATE_INFOPLIST_FILE = YES;
				INFOPLIST_FILE = GoPack/Info.plist;
				INFOPLIST_KEY_UIApplicationSceneManifest_Generation = YES;
				INFOPLIST_KEY_UIApplicationSupportsIndirectInputEvents = YES;
				INFOPLIST_KEY_UILaunchScreen_Generation = YES;
				INFOPLIST_KEY_UISupportedInterfaceOrientations_iPad = "UIInterfaceOrientationPortrait UIInterfaceOrientationPortraitUpsideDown UIInterfaceOrientationLandscapeLeft UIInterfaceOrientationLandscapeRight";
				INFOPLIST_KEY_UISupportedInterfaceOrientations_iPhone = "UIInterfaceOrientationPortrait UIInterfaceOrientationLandscapeLeft UIInterfaceOrientationLandscapeRight";
				LD_RUNPATH_SEARCH_PATHS = (
					"$(inherited)",
					"@executable_path/Frameworks",
				);
				MARKETING_VERSION = 1.0;
				PRODUCT_BUNDLE_IDENTIFIER = br.com.GoPack;
				PRODUCT_NAME = "$(TARGET_NAME)";
				SWIFT_EMIT_LOC_STRINGS = YES;
				SWIFT_VERSION = 5.0;
				TARGETED_DEVICE_FAMILY = "1,2";
			};
			name = Debug;
		};
		6DE096D929AAE74900497874 /* Release */ = {
			isa = XCBuildConfiguration;
			buildSettings = {
				ASSETCATALOG_COMPILER_APPICON_NAME = AppIcon;
				ASSETCATALOG_COMPILER_GLOBAL_ACCENT_COLOR_NAME = AccentColor;
				CODE_SIGN_STYLE = Automatic;
				CURRENT_PROJECT_VERSION = 1;
				DEVELOPMENT_ASSET_PATHS = "\"GoPack/Preview Content\"";
				DEVELOPMENT_TEAM = 5VN324YR98;
				ENABLE_PREVIEWS = YES;
				GENERATE_INFOPLIST_FILE = YES;
				INFOPLIST_FILE = GoPack/Info.plist;
				INFOPLIST_KEY_UIApplicationSceneManifest_Generation = YES;
				INFOPLIST_KEY_UIApplicationSupportsIndirectInputEvents = YES;
				INFOPLIST_KEY_UILaunchScreen_Generation = YES;
				INFOPLIST_KEY_UISupportedInterfaceOrientations_iPad = "UIInterfaceOrientationPortrait UIInterfaceOrientationPortraitUpsideDown UIInterfaceOrientationLandscapeLeft UIInterfaceOrientationLandscapeRight";
				INFOPLIST_KEY_UISupportedInterfaceOrientations_iPhone = "UIInterfaceOrientationPortrait UIInterfaceOrientationLandscapeLeft UIInterfaceOrientationLandscapeRight";
				LD_RUNPATH_SEARCH_PATHS = (
					"$(inherited)",
					"@executable_path/Frameworks",
				);
				MARKETING_VERSION = 1.0;
				PRODUCT_BUNDLE_IDENTIFIER = br.com.GoPack;
				PRODUCT_NAME = "$(TARGET_NAME)";
				SWIFT_EMIT_LOC_STRINGS = YES;
				SWIFT_VERSION = 5.0;
				TARGETED_DEVICE_FAMILY = "1,2";
			};
			name = Release;
		};
/* End XCBuildConfiguration section */

/* Begin XCConfigurationList section */
		6DE096C429AAE74600497874 /* Build configuration list for PBXProject "GoPack" */ = {
			isa = XCConfigurationList;
			buildConfigurations = (
				6DE096D529AAE74900497874 /* Debug */,
				6DE096D629AAE74900497874 /* Release */,
			);
			defaultConfigurationIsVisible = 0;
			defaultConfigurationName = Release;
		};
		6DE096D729AAE74900497874 /* Build configuration list for PBXNativeTarget "GoPack" */ = {
			isa = XCConfigurationList;
			buildConfigurations = (
				6DE096D829AAE74900497874 /* Debug */,
				6DE096D929AAE74900497874 /* Release */,
			);
			defaultConfigurationIsVisible = 0;
			defaultConfigurationName = Release;
		};
/* End XCConfigurationList section */
	};
	rootObject = 6DE096C129AAE74600497874 /* Project object */;
}
